// !$*UTF8*$!
{
	archiveVersion = 1;
	classes = {
	};
	objectVersion = 56;
	objects = {

/* Begin PBXBuildFile section */
		665B9F122C06E47100EC12E4 /* AppDelegate.swift in Sources */ = {isa = PBXBuildFile; fileRef = 665B9F112C06E47100EC12E4 /* AppDelegate.swift */; };
		665B9F142C06E47100EC12E4 /* SceneDelegate.swift in Sources */ = {isa = PBXBuildFile; fileRef = 665B9F132C06E47100EC12E4 /* SceneDelegate.swift */; };
		665B9F162C06E47100EC12E4 /* ViewController.swift in Sources */ = {isa = PBXBuildFile; fileRef = 665B9F152C06E47100EC12E4 /* ViewController.swift */; };
		665B9F192C06E47100EC12E4 /* Main.storyboard in Resources */ = {isa = PBXBuildFile; fileRef = 665B9F172C06E47100EC12E4 /* Main.storyboard */; };
		665B9F1B2C06E47200EC12E4 /* Assets.xcassets in Resources */ = {isa = PBXBuildFile; fileRef = 665B9F1A2C06E47200EC12E4 /* Assets.xcassets */; };
		665B9F1E2C06E47200EC12E4 /* LaunchScreen.storyboard in Resources */ = {isa = PBXBuildFile; fileRef = 665B9F1C2C06E47200EC12E4 /* LaunchScreen.storyboard */; };
		665B9F292C06E47200EC12E4 /* iOSLearningTests.swift in Sources */ = {isa = PBXBuildFile; fileRef = 665B9F282C06E47200EC12E4 /* iOSLearningTests.swift */; };
		665B9F332C06E47200EC12E4 /* iOSLearningUITests.swift in Sources */ = {isa = PBXBuildFile; fileRef = 665B9F322C06E47200EC12E4 /* iOSLearningUITests.swift */; };
		665B9F352C06E47200EC12E4 /* iOSLearningUITestsLaunchTests.swift in Sources */ = {isa = PBXBuildFile; fileRef = 665B9F342C06E47200EC12E4 /* iOSLearningUITestsLaunchTests.swift */; };
/* End PBXBuildFile section */

/* Begin PBXContainerItemProxy section */
		665B9F252C06E47200EC12E4 /* PBXContainerItemProxy */ = {
			isa = PBXContainerItemProxy;
			containerPortal = 665B9F062C06E47000EC12E4 /* Project object */;
			proxyType = 1;
			remoteGlobalIDString = 665B9F0D2C06E47100EC12E4;
			remoteInfo = iOSLearning;
		};
		665B9F2F2C06E47200EC12E4 /* PBXContainerItemProxy */ = {
			isa = PBXContainerItemProxy;
			containerPortal = 665B9F062C06E47000EC12E4 /* Project object */;
			proxyType = 1;
			remoteGlobalIDString = 665B9F0D2C06E47100EC12E4;
			remoteInfo = iOSLearning;
		};
/* End PBXContainerItemProxy section */

/* Begin PBXFileReference section */
		665B9F0E2C06E47100EC12E4 /* iOSLearning.app */ = {isa = PBXFileReference; explicitFileType = wrapper.application; includeInIndex = 0; path = iOSLearning.app; sourceTree = BUILT_PRODUCTS_DIR; };
		665B9F112C06E47100EC12E4 /* AppDelegate.swift */ = {isa = PBXFileReference; lastKnownFileType = sourcecode.swift; path = AppDelegate.swift; sourceTree = "<group>"; };
		665B9F132C06E47100EC12E4 /* SceneDelegate.swift */ = {isa = PBXFileReference; lastKnownFileType = sourcecode.swift; path = SceneDelegate.swift; sourceTree = "<group>"; };
		665B9F152C06E47100EC12E4 /* ViewController.swift */ = {isa = PBXFileReference; lastKnownFileType = sourcecode.swift; path = ViewController.swift; sourceTree = "<group>"; };
		665B9F182C06E47100EC12E4 /* Base */ = {isa = PBXFileReference; lastKnownFileType = file.storyboard; name = Base; path = Base.lproj/Main.storyboard; sourceTree = "<group>"; };
		665B9F1A2C06E47200EC12E4 /* Assets.xcassets */ = {isa = PBXFileReference; lastKnownFileType = folder.assetcatalog; path = Assets.xcassets; sourceTree = "<group>"; };
		665B9F1D2C06E47200EC12E4 /* Base */ = {isa = PBXFileReference; lastKnownFileType = file.storyboard; name = Base; path = Base.lproj/LaunchScreen.storyboard; sourceTree = "<group>"; };
		665B9F1F2C06E47200EC12E4 /* Info.plist */ = {isa = PBXFileReference; lastKnownFileType = text.plist.xml; path = Info.plist; sourceTree = "<group>"; };
		665B9F242C06E47200EC12E4 /* iOSLearningTests.xctest */ = {isa = PBXFileReference; explicitFileType = wrapper.cfbundle; includeInIndex = 0; path = iOSLearningTests.xctest; sourceTree = BUILT_PRODUCTS_DIR; };
		665B9F282C06E47200EC12E4 /* iOSLearningTests.swift */ = {isa = PBXFileReference; lastKnownFileType = sourcecode.swift; path = iOSLearningTests.swift; sourceTree = "<group>"; };
		665B9F2E2C06E47200EC12E4 /* iOSLearningUITests.xctest */ = {isa = PBXFileReference; explicitFileType = wrapper.cfbundle; includeInIndex = 0; path = iOSLearningUITests.xctest; sourceTree = BUILT_PRODUCTS_DIR; };
		665B9F322C06E47200EC12E4 /* iOSLearningUITests.swift */ = {isa = PBXFileReference; lastKnownFileType = sourcecode.swift; path = iOSLearningUITests.swift; sourceTree = "<group>"; };
		665B9F342C06E47200EC12E4 /* iOSLearningUITestsLaunchTests.swift */ = {isa = PBXFileReference; lastKnownFileType = sourcecode.swift; path = iOSLearningUITestsLaunchTests.swift; sourceTree = "<group>"; };
/* End PBXFileReference section */

/* Begin PBXFrameworksBuildPhase section */
		665B9F0B2C06E47100EC12E4 /* Frameworks */ = {
			isa = PBXFrameworksBuildPhase;
			buildActionMask = 2147483647;
			files = (
			);
			runOnlyForDeploymentPostprocessing = 0;
		};
		665B9F212C06E47200EC12E4 /* Frameworks */ = {
			isa = PBXFrameworksBuildPhase;
			buildActionMask = 2147483647;
			files = (
			);
			runOnlyForDeploymentPostprocessing = 0;
		};
		665B9F2B2C06E47200EC12E4 /* Frameworks */ = {
			isa = PBXFrameworksBuildPhase;
			buildActionMask = 2147483647;
			files = (
			);
			runOnlyForDeploymentPostprocessing = 0;
		};
/* End PBXFrameworksBuildPhase section */

/* Begin PBXGroup section */
		665B9F052C06E47000EC12E4 = {
			isa = PBXGroup;
			children = (
				665B9F102C06E47100EC12E4 /* iOSLearning */,
				665B9F272C06E47200EC12E4 /* iOSLearningTests */,
				665B9F312C06E47200EC12E4 /* iOSLearningUITests */,
				665B9F0F2C06E47100EC12E4 /* Products */,
			);
			sourceTree = "<group>";
		};
		665B9F0F2C06E47100EC12E4 /* Products */ = {
			isa = PBXGroup;
			children = (
				665B9F0E2C06E47100EC12E4 /* iOSLearning.app */,
				665B9F242C06E47200EC12E4 /* iOSLearningTests.xctest */,
				665B9F2E2C06E47200EC12E4 /* iOSLearningUITests.xctest */,
			);
			name = Products;
			sourceTree = "<group>";
		};
		665B9F102C06E47100EC12E4 /* iOSLearning */ = {
			isa = PBXGroup;
			children = (
				665B9F112C06E47100EC12E4 /* AppDelegate.swift */,
				665B9F132C06E47100EC12E4 /* SceneDelegate.swift */,
				665B9F152C06E47100EC12E4 /* ViewController.swift */,
				665B9F172C06E47100EC12E4 /* Main.storyboard */,
				665B9F1A2C06E47200EC12E4 /* Assets.xcassets */,
				665B9F1C2C06E47200EC12E4 /* LaunchScreen.storyboard */,
				665B9F1F2C06E47200EC12E4 /* Info.plist */,
			);
			path = iOSLearning;
			sourceTree = "<group>";
		};
		665B9F272C06E47200EC12E4 /* iOSLearningTests */ = {
			isa = PBXGroup;
			children = (
				665B9F282C06E47200EC12E4 /* iOSLearningTests.swift */,
			);
			path = iOSLearningTests;
			sourceTree = "<group>";
		};
		665B9F312C06E47200EC12E4 /* iOSLearningUITests */ = {
			isa = PBXGroup;
			children = (
				665B9F322C06E47200EC12E4 /* iOSLearningUITests.swift */,
				665B9F342C06E47200EC12E4 /* iOSLearningUITestsLaunchTests.swift */,
			);
			path = iOSLearningUITests;
			sourceTree = "<group>";
		};
/* End PBXGroup section */

/* Begin PBXNativeTarget section */
		665B9F0D2C06E47100EC12E4 /* iOSLearning */ = {
			isa = PBXNativeTarget;
			buildConfigurationList = 665B9F382C06E47200EC12E4 /* Build configuration list for PBXNativeTarget "iOSLearning" */;
			buildPhases = (
				665B9F0A2C06E47100EC12E4 /* Sources */,
				665B9F0B2C06E47100EC12E4 /* Frameworks */,
				665B9F0C2C06E47100EC12E4 /* Resources */,
			);
			buildRules = (
			);
			dependencies = (
			);
			name = iOSLearning;
			productName = iOSLearning;
			productReference = 665B9F0E2C06E47100EC12E4 /* iOSLearning.app */;
			productType = "com.apple.product-type.application";
		};
		665B9F232C06E47200EC12E4 /* iOSLearningTests */ = {
			isa = PBXNativeTarget;
			buildConfigurationList = 665B9F3B2C06E47200EC12E4 /* Build configuration list for PBXNativeTarget "iOSLearningTests" */;
			buildPhases = (
				665B9F202C06E47200EC12E4 /* Sources */,
				665B9F212C06E47200EC12E4 /* Frameworks */,
				665B9F222C06E47200EC12E4 /* Resources */,
			);
			buildRules = (
			);
			dependencies = (
				665B9F262C06E47200EC12E4 /* PBXTargetDependency */,
			);
			name = iOSLearningTests;
			productName = iOSLearningTests;
			productReference = 665B9F242C06E47200EC12E4 /* iOSLearningTests.xctest */;
			productType = "com.apple.product-type.bundle.unit-test";
		};
		665B9F2D2C06E47200EC12E4 /* iOSLearningUITests */ = {
			isa = PBXNativeTarget;
			buildConfigurationList = 665B9F3E2C06E47200EC12E4 /* Build configuration list for PBXNativeTarget "iOSLearningUITests" */;
			buildPhases = (
				665B9F2A2C06E47200EC12E4 /* Sources */,
				665B9F2B2C06E47200EC12E4 /* Frameworks */,
				665B9F2C2C06E47200EC12E4 /* Resources */,
			);
			buildRules = (
			);
			dependencies = (
				665B9F302C06E47200EC12E4 /* PBXTargetDependency */,
			);
			name = iOSLearningUITests;
			productName = iOSLearningUITests;
			productReference = 665B9F2E2C06E47200EC12E4 /* iOSLearningUITests.xctest */;
			productType = "com.apple.product-type.bundle.ui-testing";
		};
/* End PBXNativeTarget section */

/* Begin PBXProject section */
		665B9F062C06E47000EC12E4 /* Project object */ = {
			isa = PBXProject;
			attributes = {
				BuildIndependentTargetsInParallel = 1;
				LastSwiftUpdateCheck = 1500;
				LastUpgradeCheck = 1500;
				TargetAttributes = {
					665B9F0D2C06E47100EC12E4 = {
						CreatedOnToolsVersion = 15.0;
					};
					665B9F232C06E47200EC12E4 = {
						CreatedOnToolsVersion = 15.0;
						TestTargetID = 665B9F0D2C06E47100EC12E4;
					};
					665B9F2D2C06E47200EC12E4 = {
						CreatedOnToolsVersion = 15.0;
						TestTargetID = 665B9F0D2C06E47100EC12E4;
					};
				};
			};
			buildConfigurationList = 665B9F092C06E47000EC12E4 /* Build configuration list for PBXProject "iOSLearning" */;
			compatibilityVersion = "Xcode 14.0";
			developmentRegion = en;
			hasScannedForEncodings = 0;
			knownRegions = (
				en,
				Base,
			);
			mainGroup = 665B9F052C06E47000EC12E4;
			productRefGroup = 665B9F0F2C06E47100EC12E4 /* Products */;
			projectDirPath = "";
			projectRoot = "";
			targets = (
				665B9F0D2C06E47100EC12E4 /* iOSLearning */,
				665B9F232C06E47200EC12E4 /* iOSLearningTests */,
				665B9F2D2C06E47200EC12E4 /* iOSLearningUITests */,
			);
		};
/* End PBXProject section */

/* Begin PBXResourcesBuildPhase section */
		665B9F0C2C06E47100EC12E4 /* Resources */ = {
			isa = PBXResourcesBuildPhase;
			buildActionMask = 2147483647;
			files = (
				665B9F1E2C06E47200EC12E4 /* LaunchScreen.storyboard in Resources */,
				665B9F1B2C06E47200EC12E4 /* Assets.xcassets in Resources */,
				665B9F192C06E47100EC12E4 /* Main.storyboard in Resources */,
			);
			runOnlyForDeploymentPostprocessing = 0;
		};
		665B9F222C06E47200EC12E4 /* Resources */ = {
			isa = PBXResourcesBuildPhase;
			buildActionMask = 2147483647;
			files = (
			);
			runOnlyForDeploymentPostprocessing = 0;
		};
		665B9F2C2C06E47200EC12E4 /* Resources */ = {
			isa = PBXResourcesBuildPhase;
			buildActionMask = 2147483647;
			files = (
			);
			runOnlyForDeploymentPostprocessing = 0;
		};
/* End PBXResourcesBuildPhase section */

/* Begin PBXSourcesBuildPhase section */
		665B9F0A2C06E47100EC12E4 /* Sources */ = {
			isa = PBXSourcesBuildPhase;
			buildActionMask = 2147483647;
			files = (
				665B9F162C06E47100EC12E4 /* ViewController.swift in Sources */,
				665B9F122C06E47100EC12E4 /* AppDelegate.swift in Sources */,
				665B9F142C06E47100EC12E4 /* SceneDelegate.swift in Sources */,
			);
			runOnlyForDeploymentPostprocessing = 0;
		};
		665B9F202C06E47200EC12E4 /* Sources */ = {
			isa = PBXSourcesBuildPhase;
			buildActionMask = 2147483647;
			files = (
				665B9F292C06E47200EC12E4 /* iOSLearningTests.swift in Sources */,
			);
			runOnlyForDeploymentPostprocessing = 0;
		};
		665B9F2A2C06E47200EC12E4 /* Sources */ = {
			isa = PBXSourcesBuildPhase;
			buildActionMask = 2147483647;
			files = (
				665B9F352C06E47200EC12E4 /* iOSLearningUITestsLaunchTests.swift in Sources */,
				665B9F332C06E47200EC12E4 /* iOSLearningUITests.swift in Sources */,
			);
			runOnlyForDeploymentPostprocessing = 0;
		};
/* End PBXSourcesBuildPhase section */

/* Begin PBXTargetDependency section */
		665B9F262C06E47200EC12E4 /* PBXTargetDependency */ = {
			isa = PBXTargetDependency;
			target = 665B9F0D2C06E47100EC12E4 /* iOSLearning */;
			targetProxy = 665B9F252C06E47200EC12E4 /* PBXContainerItemProxy */;
		};
		665B9F302C06E47200EC12E4 /* PBXTargetDependency */ = {
			isa = PBXTargetDependency;
			target = 665B9F0D2C06E47100EC12E4 /* iOSLearning */;
			targetProxy = 665B9F2F2C06E47200EC12E4 /* PBXContainerItemProxy */;
		};
/* End PBXTargetDependency section */

/* Begin PBXVariantGroup section */
		665B9F172C06E47100EC12E4 /* Main.storyboard */ = {
			isa = PBXVariantGroup;
			children = (
				665B9F182C06E47100EC12E4 /* Base */,
			);
			name = Main.storyboard;
			sourceTree = "<group>";
		};
		665B9F1C2C06E47200EC12E4 /* LaunchScreen.storyboard */ = {
			isa = PBXVariantGroup;
			children = (
				665B9F1D2C06E47200EC12E4 /* Base */,
			);
			name = LaunchScreen.storyboard;
			sourceTree = "<group>";
		};
/* End PBXVariantGroup section */

/* Begin XCBuildConfiguration section */
		665B9F362C06E47200EC12E4 /* Debug */ = {
			isa = XCBuildConfiguration;
			buildSettings = {
				ALWAYS_SEARCH_USER_PATHS = NO;
				ASSETCATALOG_COMPILER_GENERATE_SWIFT_ASSET_SYMBOL_EXTENSIONS = YES;
				CLANG_ANALYZER_NONNULL = YES;
				CLANG_ANALYZER_NUMBER_OBJECT_CONVERSION = YES_AGGRESSIVE;
				CLANG_CXX_LANGUAGE_STANDARD = "gnu++20";
				CLANG_ENABLE_MODULES = YES;
				CLANG_ENABLE_OBJC_ARC = YES;
				CLANG_ENABLE_OBJC_WEAK = YES;
				CLANG_WARN_BLOCK_CAPTURE_AUTORELEASING = YES;
				CLANG_WARN_BOOL_CONVERSION = YES;
				CLANG_WARN_COMMA = YES;
				CLANG_WARN_CONSTANT_CONVERSION = YES;
				CLANG_WARN_DEPRECATED_OBJC_IMPLEMENTATIONS = YES;
				CLANG_WARN_DIRECT_OBJC_ISA_USAGE = YES_ERROR;
				CLANG_WARN_DOCUMENTATION_COMMENTS = YES;
				CLANG_WARN_EMPTY_BODY = YES;
				CLANG_WARN_ENUM_CONVERSION = YES;
				CLANG_WARN_INFINITE_RECURSION = YES;
				CLANG_WARN_INT_CONVERSION = YES;
				CLANG_WARN_NON_LITERAL_NULL_CONVERSION = YES;
				CLANG_WARN_OBJC_IMPLICIT_RETAIN_SELF = YES;
				CLANG_WARN_OBJC_LITERAL_CONVERSION = YES;
				CLANG_WARN_OBJC_ROOT_CLASS = YES_ERROR;
				CLANG_WARN_QUOTED_INCLUDE_IN_FRAMEWORK_HEADER = YES;
				CLANG_WARN_RANGE_LOOP_ANALYSIS = YES;
				CLANG_WARN_STRICT_PROTOTYPES = YES;
				CLANG_WARN_SUSPICIOUS_MOVE = YES;
				CLANG_WARN_UNGUARDED_AVAILABILITY = YES_AGGRESSIVE;
				CLANG_WARN_UNREACHABLE_CODE = YES;
				CLANG_WARN__DUPLICATE_METHOD_MATCH = YES;
				COPY_PHASE_STRIP = NO;
				DEBUG_INFORMATION_FORMAT = dwarf;
				ENABLE_STRICT_OBJC_MSGSEND = YES;
				ENABLE_TESTABILITY = YES;
				ENABLE_USER_SCRIPT_SANDBOXING = YES;
				GCC_C_LANGUAGE_STANDARD = gnu17;
				GCC_DYNAMIC_NO_PIC = NO;
				GCC_NO_COMMON_BLOCKS = YES;
				GCC_OPTIMIZATION_LEVEL = 0;
				GCC_PREPROCESSOR_DEFINITIONS = (
					"DEBUG=1",
					"$(inherited)",
				);
				GCC_WARN_64_TO_32_BIT_CONVERSION = YES;
				GCC_WARN_ABOUT_RETURN_TYPE = YES_ERROR;
				GCC_WARN_UNDECLARED_SELECTOR = YES;
				GCC_WARN_UNINITIALIZED_AUTOS = YES_AGGRESSIVE;
				GCC_WARN_UNUSED_FUNCTION = YES;
				GCC_WARN_UNUSED_VARIABLE = YES;
				IPHONEOS_DEPLOYMENT_TARGET = 15.0;
				LOCALIZATION_PREFERS_STRING_CATALOGS = YES;
				MTL_ENABLE_DEBUG_INFO = INCLUDE_SOURCE;
				MTL_FAST_MATH = YES;
				ONLY_ACTIVE_ARCH = YES;
				SDKROOT = iphoneos;
				SWIFT_ACTIVE_COMPILATION_CONDITIONS = "DEBUG $(inherited)";
				SWIFT_OPTIMIZATION_LEVEL = "-Onone";
			};
			name = Debug;
		};
		665B9F372C06E47200EC12E4 /* Release */ = {
			isa = XCBuildConfiguration;
			buildSettings = {
				ALWAYS_SEARCH_USER_PATHS = NO;
				ASSETCATALOG_COMPILER_GENERATE_SWIFT_ASSET_SYMBOL_EXTENSIONS = YES;
				CLANG_ANALYZER_NONNULL = YES;
				CLANG_ANALYZER_NUMBER_OBJECT_CONVERSION = YES_AGGRESSIVE;
				CLANG_CXX_LANGUAGE_STANDARD = "gnu++20";
				CLANG_ENABLE_MODULES = YES;
				CLANG_ENABLE_OBJC_ARC = YES;
				CLANG_ENABLE_OBJC_WEAK = YES;
				CLANG_WARN_BLOCK_CAPTURE_AUTORELEASING = YES;
				CLANG_WARN_BOOL_CONVERSION = YES;
				CLANG_WARN_COMMA = YES;
				CLANG_WARN_CONSTANT_CONVERSION = YES;
				CLANG_WARN_DEPRECATED_OBJC_IMPLEMENTATIONS = YES;
				CLANG_WARN_DIRECT_OBJC_ISA_USAGE = YES_ERROR;
				CLANG_WARN_DOCUMENTATION_COMMENTS = YES;
				CLANG_WARN_EMPTY_BODY = YES;
				CLANG_WARN_ENUM_CONVERSION = YES;
				CLANG_WARN_INFINITE_RECURSION = YES;
				CLANG_WARN_INT_CONVERSION = YES;
				CLANG_WARN_NON_LITERAL_NULL_CONVERSION = YES;
				CLANG_WARN_OBJC_IMPLICIT_RETAIN_SELF = YES;
				CLANG_WARN_OBJC_LITERAL_CONVERSION = YES;
				CLANG_WARN_OBJC_ROOT_CLASS = YES_ERROR;
				CLANG_WARN_QUOTED_INCLUDE_IN_FRAMEWORK_HEADER = YES;
				CLANG_WARN_RANGE_LOOP_ANALYSIS = YES;
				CLANG_WARN_STRICT_PROTOTYPES = YES;
				CLANG_WARN_SUSPICIOUS_MOVE = YES;
				CLANG_WARN_UNGUARDED_AVAILABILITY = YES_AGGRESSIVE;
				CLANG_WARN_UNREACHABLE_CODE = YES;
				CLANG_WARN__DUPLICATE_METHOD_MATCH = YES;
				COPY_PHASE_STRIP = NO;
				DEBUG_INFORMATION_FORMAT = "dwarf-with-dsym";
				ENABLE_NS_ASSERTIONS = NO;
				ENABLE_STRICT_OBJC_MSGSEND = YES;
				ENABLE_USER_SCRIPT_SANDBOXING = YES;
				GCC_C_LANGUAGE_STANDARD = gnu17;
				GCC_NO_COMMON_BLOCKS = YES;
				GCC_WARN_64_TO_32_BIT_CONVERSION = YES;
				GCC_WARN_ABOUT_RETURN_TYPE = YES_ERROR;
				GCC_WARN_UNDECLARED_SELECTOR = YES;
				GCC_WARN_UNINITIALIZED_AUTOS = YES_AGGRESSIVE;
				GCC_WARN_UNUSED_FUNCTION = YES;
				GCC_WARN_UNUSED_VARIABLE = YES;
				IPHONEOS_DEPLOYMENT_TARGET = 15.0;
				LOCALIZATION_PREFERS_STRING_CATALOGS = YES;
				MTL_ENABLE_DEBUG_INFO = NO;
				MTL_FAST_MATH = YES;
				SDKROOT = iphoneos;
				SWIFT_COMPILATION_MODE = wholemodule;
				VALIDATE_PRODUCT = YES;
			};
			name = Release;
		};
		665B9F392C06E47200EC12E4 /* Debug */ = {
			isa = XCBuildConfiguration;
			buildSettings = {
				ASSETCATALOG_COMPILER_APPICON_NAME = AppIcon;
				ASSETCATALOG_COMPILER_GLOBAL_ACCENT_COLOR_NAME = AccentColor;
				CODE_SIGN_STYLE = Automatic;
				CURRENT_PROJECT_VERSION = 1;
				DEVELOPMENT_TEAM = Z839S848GQ;
				GENERATE_INFOPLIST_FILE = YES;
				INFOPLIST_FILE = iOSLearning/Info.plist;
				INFOPLIST_KEY_UIApplicationSupportsIndirectInputEvents = YES;
				INFOPLIST_KEY_UILaunchStoryboardName = LaunchScreen;
				INFOPLIST_KEY_UIMainStoryboardFile = Main;
				INFOPLIST_KEY_UISupportedInterfaceOrientations_iPad = "UIInterfaceOrientationPortrait UIInterfaceOrientationPortraitUpsideDown UIInterfaceOrientationLandscapeLeft UIInterfaceOrientationLandscapeRight";
				INFOPLIST_KEY_UISupportedInterfaceOrientations_iPhone = "UIInterfaceOrientationPortrait UIInterfaceOrientationLandscapeLeft UIInterfaceOrientationLandscapeRight";
				IPHONEOS_DEPLOYMENT_TARGET = 15.0;
				LD_RUNPATH_SEARCH_PATHS = (
					"$(inherited)",
					"@executable_path/Frameworks",
				);
				MARKETING_VERSION = 1.0;
				PRODUCT_BUNDLE_IDENTIFIER = com.vankhanhvuong.iOSLearning;
				PRODUCT_NAME = "$(TARGET_NAME)";
				SWIFT_EMIT_LOC_STRINGS = YES;
				SWIFT_VERSION = 5.0;
				TARGETED_DEVICE_FAMILY = "1,2";
			};
			name = Debug;
		};
		665B9F3A2C06E47200EC12E4 /* Release */ = {
			isa = XCBuildConfiguration;
			buildSettings = {
				ASSETCATALOG_COMPILER_APPICON_NAME = AppIcon;
				ASSETCATALOG_COMPILER_GLOBAL_ACCENT_COLOR_NAME = AccentColor;
				CODE_SIGN_STYLE = Automatic;
				CURRENT_PROJECT_VERSION = 1;
				DEVELOPMENT_TEAM = Z839S848GQ;
				GENERATE_INFOPLIST_FILE = YES;
				INFOPLIST_FILE = iOSLearning/Info.plist;
				INFOPLIST_KEY_UIApplicationSupportsIndirectInputEvents = YES;
				INFOPLIST_KEY_UILaunchStoryboardName = LaunchScreen;
				INFOPLIST_KEY_UIMainStoryboardFile = Main;
				INFOPLIST_KEY_UISupportedInterfaceOrientations_iPad = "UIInterfaceOrientationPortrait UIInterfaceOrientationPortraitUpsideDown UIInterfaceOrientationLandscapeLeft UIInterfaceOrientationLandscapeRight";
				INFOPLIST_KEY_UISupportedInterfaceOrientations_iPhone = "UIInterfaceOrientationPortrait UIInterfaceOrientationLandscapeLeft UIInterfaceOrientationLandscapeRight";
				IPHONEOS_DEPLOYMENT_TARGET = 15.0;
				LD_RUNPATH_SEARCH_PATHS = (
					"$(inherited)",
					"@executable_path/Frameworks",
				);
				MARKETING_VERSION = 1.0;
				PRODUCT_BUNDLE_IDENTIFIER = com.vankhanhvuong.iOSLearning;
				PRODUCT_NAME = "$(TARGET_NAME)";
				SWIFT_EMIT_LOC_STRINGS = YES;
				SWIFT_VERSION = 5.0;
				TARGETED_DEVICE_FAMILY = "1,2";
			};
			name = Release;
		};
		665B9F3C2C06E47200EC12E4 /* Debug */ = {
			isa = XCBuildConfiguration;
			buildSettings = {
				ALWAYS_EMBED_SWIFT_STANDARD_LIBRARIES = YES;
				BUNDLE_LOADER = "$(TEST_HOST)";
				CODE_SIGN_STYLE = Automatic;
				CURRENT_PROJECT_VERSION = 1;
				DEVELOPMENT_TEAM = Z839S848GQ;
				GENERATE_INFOPLIST_FILE = YES;
				IPHONEOS_DEPLOYMENT_TARGET = 17.0;
				MARKETING_VERSION = 1.0;
				PRODUCT_BUNDLE_IDENTIFIER = com.vankhanhvuong.iOSLearningTests;
				PRODUCT_NAME = "$(TARGET_NAME)";
				SWIFT_EMIT_LOC_STRINGS = NO;
				SWIFT_VERSION = 5.0;
				TARGETED_DEVICE_FAMILY = "1,2";
				TEST_HOST = "$(BUILT_PRODUCTS_DIR)/iOSLearning.app/$(BUNDLE_EXECUTABLE_FOLDER_PATH)/iOSLearning";
			};
			name = Debug;
		};
		665B9F3D2C06E47200EC12E4 /* Release */ = {
			isa = XCBuildConfiguration;
			buildSettings = {
				ALWAYS_EMBED_SWIFT_STANDARD_LIBRARIES = YES;
				BUNDLE_LOADER = "$(TEST_HOST)";
				CODE_SIGN_STYLE = Automatic;
				CURRENT_PROJECT_VERSION = 1;
				DEVELOPMENT_TEAM = Z839S848GQ;
				GENERATE_INFOPLIST_FILE = YES;
				IPHONEOS_DEPLOYMENT_TARGET = 17.0;
				MARKETING_VERSION = 1.0;
				PRODUCT_BUNDLE_IDENTIFIER = com.vankhanhvuong.iOSLearningTests;
				PRODUCT_NAME = "$(TARGET_NAME)";
				SWIFT_EMIT_LOC_STRINGS = NO;
				SWIFT_VERSION = 5.0;
				TARGETED_DEVICE_FAMILY = "1,2";
				TEST_HOST = "$(BUILT_PRODUCTS_DIR)/iOSLearning.app/$(BUNDLE_EXECUTABLE_FOLDER_PATH)/iOSLearning";
			};
			name = Release;
		};
		665B9F3F2C06E47200EC12E4 /* Debug */ = {
			isa = XCBuildConfiguration;
			buildSettings = {
				ALWAYS_EMBED_SWIFT_STANDARD_LIBRARIES = YES;
				CODE_SIGN_STYLE = Automatic;
				CURRENT_PROJECT_VERSION = 1;
				DEVELOPMENT_TEAM = Z839S848GQ;
				GENERATE_INFOPLIST_FILE = YES;
				MARKETING_VERSION = 1.0;
				PRODUCT_BUNDLE_IDENTIFIER = com.vankhanhvuong.iOSLearningUITests;
				PRODUCT_NAME = "$(TARGET_NAME)";
				SWIFT_EMIT_LOC_STRINGS = NO;
				SWIFT_VERSION = 5.0;
				TARGETED_DEVICE_FAMILY = "1,2";
				TEST_TARGET_NAME = iOSLearning;
			};
			name = Debug;
		};
		665B9F402C06E47200EC12E4 /* Release */ = {
			isa = XCBuildConfiguration;
			buildSettings = {
				ALWAYS_EMBED_SWIFT_STANDARD_LIBRARIES = YES;
				CODE_SIGN_STYLE = Automatic;
				CURRENT_PROJECT_VERSION = 1;
				DEVELOPMENT_TEAM = Z839S848GQ;
				GENERATE_INFOPLIST_FILE = YES;
				MARKETING_VERSION = 1.0;
				PRODUCT_BUNDLE_IDENTIFIER = com.vankhanhvuong.iOSLearningUITests;
				PRODUCT_NAME = "$(TARGET_NAME)";
				SWIFT_EMIT_LOC_STRINGS = NO;
				SWIFT_VERSION = 5.0;
				TARGETED_DEVICE_FAMILY = "1,2";
				TEST_TARGET_NAME = iOSLearning;
			};
			name = Release;
		};
/* End XCBuildConfiguration section */

/* Begin XCConfigurationList section */
		665B9F092C06E47000EC12E4 /* Build configuration list for PBXProject "iOSLearning" */ = {
			isa = XCConfigurationList;
			buildConfigurations = (
				665B9F362C06E47200EC12E4 /* Debug */,
				665B9F372C06E47200EC12E4 /* Release */,
			);
			defaultConfigurationIsVisible = 0;
			defaultConfigurationName = Release;
		};
		665B9F382C06E47200EC12E4 /* Build configuration list for PBXNativeTarget "iOSLearning" */ = {
			isa = XCConfigurationList;
			buildConfigurations = (
				665B9F392C06E47200EC12E4 /* Debug */,
				665B9F3A2C06E47200EC12E4 /* Release */,
			);
			defaultConfigurationIsVisible = 0;
			defaultConfigurationName = Release;
		};
		665B9F3B2C06E47200EC12E4 /* Build configuration list for PBXNativeTarget "iOSLearningTests" */ = {
			isa = XCConfigurationList;
			buildConfigurations = (
				665B9F3C2C06E47200EC12E4 /* Debug */,
				665B9F3D2C06E47200EC12E4 /* Release */,
			);
			defaultConfigurationIsVisible = 0;
			defaultConfigurationName = Release;
		};
		665B9F3E2C06E47200EC12E4 /* Build configuration list for PBXNativeTarget "iOSLearningUITests" */ = {
			isa = XCConfigurationList;
			buildConfigurations = (
				665B9F3F2C06E47200EC12E4 /* Debug */,
				665B9F402C06E47200EC12E4 /* Release */,
			);
			defaultConfigurationIsVisible = 0;
			defaultConfigurationName = Release;
		};
/* End XCConfigurationList section */
	};
	rootObject = 665B9F062C06E47000EC12E4 /* Project object */;
}
